
Microsoft Visual Studio Solution File, Format Version 12.00
# Visual Studio Version 17
VisualStudioVersion = 17.5.33424.131
MinimumVisualStudioVersion = 10.0.40219.1
Project("{9A19103F-16F7-4668-BE54-9A1E7A4F7556}") = "LibraryTestApp", "LibraryTestApp\LibraryTestApp.csproj", "{08928CD6-F09B-4063-ADE3-820814C70CA6}"
EndProject
Project("{2150E333-8FDC-42A3-9474-1A3956D46DE8}") = "1. Library", "1. Library", "{1561C07B-E97E-47B6-B34F-7A911A1A32FB}"
EndProject
Project("{2150E333-8FDC-42A3-9474-1A3956D46DE8}") = "2. BusinessLogic", "2. BusinessLogic", "{9890581C-71B4-4F5C-B079-443BB7566DA1}"
EndProject
Project("{2150E333-8FDC-42A3-9474-1A3956D46DE8}") = "3. Model", "3. Model", "{2D5D08BD-CDA2-44A8-93A1-94B470033F5E}"
EndProject
Project("{9A19103F-16F7-4668-BE54-9A1E7A4F7556}") = "Library.BusinessLogic", "Library.BusinessLogic\Library.BusinessLogic.csproj", "{F5261DB8-266D-48C8-9FDA-C76CD8FB5FEB}"
EndProject
Project("{9A19103F-16F7-4668-BE54-9A1E7A4F7556}") = "Library.Model", "Library.Model\Library.Model.csproj", "{4C3A2C8F-36B8-477B-9E25-B93A85385C0E}"
EndProject
Global
	GlobalSection(SolutionConfigurationPlatforms) = preSolution
		Debug|Any CPU = Debug|Any CPU
		Release|Any CPU = Release|Any CPU
	EndGlobalSection
	GlobalSection(ProjectConfigurationPlatforms) = postSolution
		{08928CD6-F09B-4063-ADE3-820814C70CA6}.Debug|Any CPU.ActiveCfg = Debug|Any CPU
		{08928CD6-F09B-4063-ADE3-820814C70CA6}.Debug|Any CPU.Build.0 = Debug|Any CPU
		{08928CD6-F09B-4063-ADE3-820814C70CA6}.Release|Any CPU.ActiveCfg = Release|Any CPU
		{08928CD6-F09B-4063-ADE3-820814C70CA6}.Release|Any CPU.Build.0 = Release|Any CPU
		{F5261DB8-266D-48C8-9FDA-C76CD8FB5FEB}.Debug|Any CPU.ActiveCfg = Debug|Any CPU
		{F5261DB8-266D-48C8-9FDA-C76CD8FB5FEB}.Debug|Any CPU.Build.0 = Debug|Any CPU
		{F5261DB8-266D-48C8-9FDA-C76CD8FB5FEB}.Release|Any CPU.ActiveCfg = Release|Any CPU
		{F5261DB8-266D-48C8-9FDA-C76CD8FB5FEB}.Release|Any CPU.Build.0 = Release|Any CPU
		{4C3A2C8F-36B8-477B-9E25-B93A85385C0E}.Debug|Any CPU.ActiveCfg = Debug|Any CPU
		{4C3A2C8F-36B8-477B-9E25-B93A85385C0E}.Debug|Any CPU.Build.0 = Debug|Any CPU
		{4C3A2C8F-36B8-477B-9E25-B93A85385C0E}.Release|Any CPU.ActiveCfg = Release|Any CPU
		{4C3A2C8F-36B8-477B-9E25-B93A85385C0E}.Release|Any CPU.Build.0 = Release|Any CPU
	EndGlobalSection
	GlobalSection(SolutionProperties) = preSolution
		HideSolutionNode = FALSE
	EndGlobalSection
	GlobalSection(NestedProjects) = preSolution
		{08928CD6-F09B-4063-ADE3-820814C70CA6} = {1561C07B-E97E-47B6-B34F-7A911A1A32FB}
		{F5261DB8-266D-48C8-9FDA-C76CD8FB5FEB} = {9890581C-71B4-4F5C-B079-443BB7566DA1}
		{4C3A2C8F-36B8-477B-9E25-B93A85385C0E} = {2D5D08BD-CDA2-44A8-93A1-94B470033F5E}
	EndGlobalSection
	GlobalSection(ExtensibilityGlobals) = postSolution
		SolutionGuid = {BD46600D-CE69-474F-9FA5-50C4F303693F}
	EndGlobalSection
EndGlobal
